// !$*UTF8*$!
{
	archiveVersion = 1;
	classes = {
	};
	objectVersion = 55;
	objects = {

/* Begin PBXBuildFile section */
		679A80ED2759473E0067744D /* RegisterViewController.swift in Sources */ = {isa = PBXBuildFile; fileRef = 679A80EB2759473E0067744D /* RegisterViewController.swift */; };
		679A80EE2759473E0067744D /* RegisterViewController.xib in Resources */ = {isa = PBXBuildFile; fileRef = 679A80EC2759473E0067744D /* RegisterViewController.xib */; };
		706C1C2AAE18A80D6BE54550 /* Pods_Mobile_Cooking_Assistant.framework in Frameworks */ = {isa = PBXBuildFile; fileRef = B5C2EAE3D0ADB75597FEC649 /* Pods_Mobile_Cooking_Assistant.framework */; };
		F705472F270383850067D495 /* UIColor+Ext.swift in Sources */ = {isa = PBXBuildFile; fileRef = F705472E270383850067D495 /* UIColor+Ext.swift */; };
		F70D6E122714C8720003BD15 /* CategoryCell.swift in Sources */ = {isa = PBXBuildFile; fileRef = F70D6E102714C8710003BD15 /* CategoryCell.swift */; };
		F70D6E132714C8720003BD15 /* CategoryCell.xib in Resources */ = {isa = PBXBuildFile; fileRef = F70D6E112714C8710003BD15 /* CategoryCell.xib */; };
		F70D6E162714E1CC0003BD15 /* Category.swift in Sources */ = {isa = PBXBuildFile; fileRef = F70D6E152714E1CC0003BD15 /* Category.swift */; };
		F734604B270263F80001D9AB /* UITextField+Ext.swift in Sources */ = {isa = PBXBuildFile; fileRef = F734604A270263F80001D9AB /* UITextField+Ext.swift */; };
		F734604D270264670001D9AB /* UIView+Ext.swift in Sources */ = {isa = PBXBuildFile; fileRef = F734604C270264670001D9AB /* UIView+Ext.swift */; };
		F7346050270264E10001D9AB /* Gradients.swift in Sources */ = {isa = PBXBuildFile; fileRef = F734604F270264E10001D9AB /* Gradients.swift */; };
		F75AA31F2715DFB300BE7A5A /* TimerViewController.swift in Sources */ = {isa = PBXBuildFile; fileRef = F75AA31D2715DFB300BE7A5A /* TimerViewController.swift */; };
		F75AA3202715DFB300BE7A5A /* TimerViewController.xib in Resources */ = {isa = PBXBuildFile; fileRef = F75AA31E2715DFB300BE7A5A /* TimerViewController.xib */; };
		F75AA3262715E95200BE7A5A /* DurationCell.swift in Sources */ = {isa = PBXBuildFile; fileRef = F75AA3242715E95200BE7A5A /* DurationCell.swift */; };
		F75AA3272715E95200BE7A5A /* DurationCell.xib in Resources */ = {isa = PBXBuildFile; fileRef = F75AA3252715E95200BE7A5A /* DurationCell.xib */; };
		F76AB39927024B0C00F00799 /* AppDelegate.swift in Sources */ = {isa = PBXBuildFile; fileRef = F76AB39827024B0C00F00799 /* AppDelegate.swift */; };
		F76AB39B27024B0C00F00799 /* SceneDelegate.swift in Sources */ = {isa = PBXBuildFile; fileRef = F76AB39A27024B0C00F00799 /* SceneDelegate.swift */; };
		F76AB3A027024B0C00F00799 /* Main.storyboard in Resources */ = {isa = PBXBuildFile; fileRef = F76AB39E27024B0C00F00799 /* Main.storyboard */; };
		F76AB3A227024B0E00F00799 /* Assets.xcassets in Resources */ = {isa = PBXBuildFile; fileRef = F76AB3A127024B0E00F00799 /* Assets.xcassets */; };
		F76AB3A527024B0E00F00799 /* LaunchScreen.storyboard in Resources */ = {isa = PBXBuildFile; fileRef = F76AB3A327024B0E00F00799 /* LaunchScreen.storyboard */; };
		F780B774276D37A500E7F3A9 /* MyRecipesViewController.xib in Resources */ = {isa = PBXBuildFile; fileRef = F780B773276D37A500E7F3A9 /* MyRecipesViewController.xib */; };
		F78DED7B27024E0F00EF7A3D /* AppViewController.swift in Sources */ = {isa = PBXBuildFile; fileRef = F78DED7A27024E0F00EF7A3D /* AppViewController.swift */; };
		F79308F4274AC90000FD454C /* RecipeDetailsHeaderView.swift in Sources */ = {isa = PBXBuildFile; fileRef = F79308F3274AC90000FD454C /* RecipeDetailsHeaderView.swift */; };
		F79308F6274AC90D00FD454C /* RecipeDetailsHeaderView.xib in Resources */ = {isa = PBXBuildFile; fileRef = F79308F5274AC90D00FD454C /* RecipeDetailsHeaderView.xib */; };
		F79308F8274ACE3500FD454C /* NibLoadable.swift in Sources */ = {isa = PBXBuildFile; fileRef = F79308F7274ACE3500FD454C /* NibLoadable.swift */; };
		F7BAE492274BB23400AFBB6C /* InteractiveViewController.swift in Sources */ = {isa = PBXBuildFile; fileRef = F7BAE491274BB23400AFBB6C /* InteractiveViewController.swift */; };
		F7BAE494274BB24600AFBB6C /* ScrollableViewController.swift in Sources */ = {isa = PBXBuildFile; fileRef = F7BAE493274BB24600AFBB6C /* ScrollableViewController.swift */; };
		F7BAE498274BB53500AFBB6C /* RecipeStepView.swift in Sources */ = {isa = PBXBuildFile; fileRef = F7BAE497274BB53500AFBB6C /* RecipeStepView.swift */; };
		F7BAE49A274BB53E00AFBB6C /* RecipeStepView.xib in Resources */ = {isa = PBXBuildFile; fileRef = F7BAE499274BB53E00AFBB6C /* RecipeStepView.xib */; };
		F7C559522714AF3800AF42AC /* CatalogViewController.xib in Resources */ = {isa = PBXBuildFile; fileRef = F7C559512714AF3800AF42AC /* CatalogViewController.xib */; };
		F7C559572714B14F00AF42AC /* RecipeCell.swift in Sources */ = {isa = PBXBuildFile; fileRef = F7C559552714B14F00AF42AC /* RecipeCell.swift */; };
		F7C559582714B14F00AF42AC /* RecipeCell.xib in Resources */ = {isa = PBXBuildFile; fileRef = F7C559562714B14F00AF42AC /* RecipeCell.xib */; };
		F7C5595C2714B4A700AF42AC /* User.swift in Sources */ = {isa = PBXBuildFile; fileRef = F7C5595B2714B4A700AF42AC /* User.swift */; };
		F7C5595E2714B50300AF42AC /* Recipe.swift in Sources */ = {isa = PBXBuildFile; fileRef = F7C5595D2714B50300AF42AC /* Recipe.swift */; };
		F7C559602714B56200AF42AC /* Step.swift in Sources */ = {isa = PBXBuildFile; fileRef = F7C5595F2714B56200AF42AC /* Step.swift */; };
		F7C559622714B59000AF42AC /* LoggingData.swift in Sources */ = {isa = PBXBuildFile; fileRef = F7C559612714B59000AF42AC /* LoggingData.swift */; };
		F7C559642714B5FE00AF42AC /* Ingredient.swift in Sources */ = {isa = PBXBuildFile; fileRef = F7C559632714B5FE00AF42AC /* Ingredient.swift */; };
		F7C559662714BA7D00AF42AC /* MockDataService.swift in Sources */ = {isa = PBXBuildFile; fileRef = F7C559652714BA7D00AF42AC /* MockDataService.swift */; };
		F7C68FD2275E57600080ECA0 /* StepSlider.m in Sources */ = {isa = PBXBuildFile; fileRef = F7C68FD0275E57600080ECA0 /* StepSlider.m */; };
		F7C68FD5275E58B90080ECA0 /* TimerValue.swift in Sources */ = {isa = PBXBuildFile; fileRef = F7C68FD4275E58B90080ECA0 /* TimerValue.swift */; };
		F7C68FD9275E7DEC0080ECA0 /* CookingViewController.swift in Sources */ = {isa = PBXBuildFile; fileRef = F7C68FD8275E7DEC0080ECA0 /* CookingViewController.swift */; };
		F7C68FDC275E7E9B0080ECA0 /* StepViewController.swift in Sources */ = {isa = PBXBuildFile; fileRef = F7C68FDA275E7E9B0080ECA0 /* StepViewController.swift */; };
		F7C68FDD275E7E9C0080ECA0 /* StepViewController.xib in Resources */ = {isa = PBXBuildFile; fileRef = F7C68FDB275E7E9B0080ECA0 /* StepViewController.xib */; };
		F7C68FE0275E9AEC0080ECA0 /* CookingViewController.xib in Resources */ = {isa = PBXBuildFile; fileRef = F7C68FDF275E9AEC0080ECA0 /* CookingViewController.xib */; };
		F7C68FE2275FB3BF0080ECA0 /* CookingService.swift in Sources */ = {isa = PBXBuildFile; fileRef = F7C68FE1275FB3BF0080ECA0 /* CookingService.swift */; };
		F7CBAC2427025965003CDD49 /* ServiceLayer.swift in Sources */ = {isa = PBXBuildFile; fileRef = F7CBAC2327025965003CDD49 /* ServiceLayer.swift */; };
		F7CBAC2627025984003CDD49 /* LoginService.swift in Sources */ = {isa = PBXBuildFile; fileRef = F7CBAC2527025984003CDD49 /* LoginService.swift */; };
		F7CBAC2827025A4D003CDD49 /* LoginViewController.swift in Sources */ = {isa = PBXBuildFile; fileRef = F7CBAC2727025A4D003CDD49 /* LoginViewController.swift */; };
		F7CBAC2A27025A80003CDD49 /* LoginViewController.xib in Resources */ = {isa = PBXBuildFile; fileRef = F7CBAC2927025A80003CDD49 /* LoginViewController.xib */; };
		F7D47507274AC6F4000705A8 /* RecipeDetailsViewController.swift in Sources */ = {isa = PBXBuildFile; fileRef = F7D47505274AC6F4000705A8 /* RecipeDetailsViewController.swift */; };
		F7D47508274AC6F4000705A8 /* RecipeDetailsViewController.xib in Resources */ = {isa = PBXBuildFile; fileRef = F7D47506274AC6F4000705A8 /* RecipeDetailsViewController.xib */; };
		F7D754C3270253D500492CE4 /* CatalogViewController.swift in Sources */ = {isa = PBXBuildFile; fileRef = F7D754C2270253D500492CE4 /* CatalogViewController.swift */; };
		F7D754C62702555E00492CE4 /* MyRecipesViewController.swift in Sources */ = {isa = PBXBuildFile; fileRef = F7D754C52702555E00492CE4 /* MyRecipesViewController.swift */; };
		F7E673F4274BEA3500D1EB7A /* ProfileViewController.swift in Sources */ = {isa = PBXBuildFile; fileRef = F7E673F2274BEA3500D1EB7A /* ProfileViewController.swift */; };
		F7E673F5274BEA3500D1EB7A /* ProfileViewController.xib in Resources */ = {isa = PBXBuildFile; fileRef = F7E673F3274BEA3500D1EB7A /* ProfileViewController.xib */; };
		F7E673F8274BEEAA00D1EB7A /* ProfileAchievementsView.xib in Resources */ = {isa = PBXBuildFile; fileRef = F7E673F7274BEEAA00D1EB7A /* ProfileAchievementsView.xib */; };
		F7E673FA274BF03400D1EB7A /* ProfileAchievementsView.swift in Sources */ = {isa = PBXBuildFile; fileRef = F7E673F9274BF03400D1EB7A /* ProfileAchievementsView.swift */; };
		F7E7447E274BD4610033CEE3 /* RecipePortionsView.xib in Resources */ = {isa = PBXBuildFile; fileRef = F7E7447D274BD4610033CEE3 /* RecipePortionsView.xib */; };
		F7E74480274BD5640033CEE3 /* RecipePortionsView.swift in Sources */ = {isa = PBXBuildFile; fileRef = F7E7447F274BD5640033CEE3 /* RecipePortionsView.swift */; };
		F7FA57CD272838320018E2EC /* CategoriesViewController.swift in Sources */ = {isa = PBXBuildFile; fileRef = F7FA57CB272838320018E2EC /* CategoriesViewController.swift */; };
		F7FA57CE272838320018E2EC /* CategoriesViewController.xib in Resources */ = {isa = PBXBuildFile; fileRef = F7FA57CC272838320018E2EC /* CategoriesViewController.xib */; };
		F7FA57D3272863AB0018E2EC /* RecipesViewController.swift in Sources */ = {isa = PBXBuildFile; fileRef = F7FA57D1272863AB0018E2EC /* RecipesViewController.swift */; };
		F7FA57D4272863AB0018E2EC /* RecipesViewController.xib in Resources */ = {isa = PBXBuildFile; fileRef = F7FA57D2272863AB0018E2EC /* RecipesViewController.xib */; };
		F7FA57D8272864370018E2EC /* FullRecipeCell.swift in Sources */ = {isa = PBXBuildFile; fileRef = F7FA57D6272864370018E2EC /* FullRecipeCell.swift */; };
		F7FA57D9272864370018E2EC /* FullRecipeCell.xib in Resources */ = {isa = PBXBuildFile; fileRef = F7FA57D7272864370018E2EC /* FullRecipeCell.xib */; };
		F7FB687D274BB71900FEDD8A /* RecipeIngredientsView.swift in Sources */ = {isa = PBXBuildFile; fileRef = F7FB687C274BB71900FEDD8A /* RecipeIngredientsView.swift */; };
		F7FB687F274BB72400FEDD8A /* RecipeIngredientsView.xib in Resources */ = {isa = PBXBuildFile; fileRef = F7FB687E274BB72400FEDD8A /* RecipeIngredientsView.xib */; };
/* End PBXBuildFile section */

/* Begin PBXFileReference section */
		679A80EB2759473E0067744D /* RegisterViewController.swift */ = {isa = PBXFileReference; lastKnownFileType = sourcecode.swift; path = RegisterViewController.swift; sourceTree = "<group>"; };
		679A80EC2759473E0067744D /* RegisterViewController.xib */ = {isa = PBXFileReference; lastKnownFileType = file.xib; path = RegisterViewController.xib; sourceTree = "<group>"; };
		75B86D476153F77E90B43E1C /* Pods-Mobile Cooking Assistant.release.xcconfig */ = {isa = PBXFileReference; includeInIndex = 1; lastKnownFileType = text.xcconfig; name = "Pods-Mobile Cooking Assistant.release.xcconfig"; path = "Target Support Files/Pods-Mobile Cooking Assistant/Pods-Mobile Cooking Assistant.release.xcconfig"; sourceTree = "<group>"; };
		B5C2EAE3D0ADB75597FEC649 /* Pods_Mobile_Cooking_Assistant.framework */ = {isa = PBXFileReference; explicitFileType = wrapper.framework; includeInIndex = 0; path = Pods_Mobile_Cooking_Assistant.framework; sourceTree = BUILT_PRODUCTS_DIR; };
		F705472E270383850067D495 /* UIColor+Ext.swift */ = {isa = PBXFileReference; lastKnownFileType = sourcecode.swift; path = "UIColor+Ext.swift"; sourceTree = "<group>"; };
		F70D6E102714C8710003BD15 /* CategoryCell.swift */ = {isa = PBXFileReference; lastKnownFileType = sourcecode.swift; path = CategoryCell.swift; sourceTree = "<group>"; };
		F70D6E112714C8710003BD15 /* CategoryCell.xib */ = {isa = PBXFileReference; lastKnownFileType = file.xib; path = CategoryCell.xib; sourceTree = "<group>"; };
		F70D6E152714E1CC0003BD15 /* Category.swift */ = {isa = PBXFileReference; lastKnownFileType = sourcecode.swift; path = Category.swift; sourceTree = "<group>"; };
		F734604A270263F80001D9AB /* UITextField+Ext.swift */ = {isa = PBXFileReference; lastKnownFileType = sourcecode.swift; path = "UITextField+Ext.swift"; sourceTree = "<group>"; };
		F734604C270264670001D9AB /* UIView+Ext.swift */ = {isa = PBXFileReference; lastKnownFileType = sourcecode.swift; path = "UIView+Ext.swift"; sourceTree = "<group>"; };
		F734604F270264E10001D9AB /* Gradients.swift */ = {isa = PBXFileReference; lastKnownFileType = sourcecode.swift; path = Gradients.swift; sourceTree = "<group>"; };
		F735D2AF274D49D300BF816B /* Mobile Cooking Assistant-Bridging-Header.h */ = {isa = PBXFileReference; lastKnownFileType = sourcecode.c.h; path = "Mobile Cooking Assistant-Bridging-Header.h"; sourceTree = "<group>"; };
		F75AA31D2715DFB300BE7A5A /* TimerViewController.swift */ = {isa = PBXFileReference; lastKnownFileType = sourcecode.swift; path = TimerViewController.swift; sourceTree = "<group>"; };
		F75AA31E2715DFB300BE7A5A /* TimerViewController.xib */ = {isa = PBXFileReference; lastKnownFileType = file.xib; path = TimerViewController.xib; sourceTree = "<group>"; };
		F75AA3242715E95200BE7A5A /* DurationCell.swift */ = {isa = PBXFileReference; lastKnownFileType = sourcecode.swift; path = DurationCell.swift; sourceTree = "<group>"; };
		F75AA3252715E95200BE7A5A /* DurationCell.xib */ = {isa = PBXFileReference; lastKnownFileType = file.xib; path = DurationCell.xib; sourceTree = "<group>"; };
		F76AB39527024B0C00F00799 /* Mobile Cooking Assistant.app */ = {isa = PBXFileReference; explicitFileType = wrapper.application; includeInIndex = 0; path = "Mobile Cooking Assistant.app"; sourceTree = BUILT_PRODUCTS_DIR; };
		F76AB39827024B0C00F00799 /* AppDelegate.swift */ = {isa = PBXFileReference; lastKnownFileType = sourcecode.swift; path = AppDelegate.swift; sourceTree = "<group>"; };
		F76AB39A27024B0C00F00799 /* SceneDelegate.swift */ = {isa = PBXFileReference; lastKnownFileType = sourcecode.swift; path = SceneDelegate.swift; sourceTree = "<group>"; };
		F76AB39F27024B0C00F00799 /* Base */ = {isa = PBXFileReference; lastKnownFileType = file.storyboard; name = Base; path = Base.lproj/Main.storyboard; sourceTree = "<group>"; };
		F76AB3A127024B0E00F00799 /* Assets.xcassets */ = {isa = PBXFileReference; lastKnownFileType = folder.assetcatalog; path = Assets.xcassets; sourceTree = "<group>"; };
		F76AB3A427024B0E00F00799 /* Base */ = {isa = PBXFileReference; lastKnownFileType = file.storyboard; name = Base; path = Base.lproj/LaunchScreen.storyboard; sourceTree = "<group>"; };
		F76AB3A627024B0E00F00799 /* Info.plist */ = {isa = PBXFileReference; lastKnownFileType = text.plist.xml; path = Info.plist; sourceTree = "<group>"; };
		F780B773276D37A500E7F3A9 /* MyRecipesViewController.xib */ = {isa = PBXFileReference; lastKnownFileType = file.xib; path = MyRecipesViewController.xib; sourceTree = "<group>"; };
		F78DED7A27024E0F00EF7A3D /* AppViewController.swift */ = {isa = PBXFileReference; lastKnownFileType = sourcecode.swift; path = AppViewController.swift; sourceTree = "<group>"; };
		F79308F3274AC90000FD454C /* RecipeDetailsHeaderView.swift */ = {isa = PBXFileReference; lastKnownFileType = sourcecode.swift; path = RecipeDetailsHeaderView.swift; sourceTree = "<group>"; };
		F79308F5274AC90D00FD454C /* RecipeDetailsHeaderView.xib */ = {isa = PBXFileReference; lastKnownFileType = file.xib; path = RecipeDetailsHeaderView.xib; sourceTree = "<group>"; };
		F79308F7274ACE3500FD454C /* NibLoadable.swift */ = {isa = PBXFileReference; lastKnownFileType = sourcecode.swift; path = NibLoadable.swift; sourceTree = "<group>"; };
		F7BAE491274BB23400AFBB6C /* InteractiveViewController.swift */ = {isa = PBXFileReference; lastKnownFileType = sourcecode.swift; path = InteractiveViewController.swift; sourceTree = "<group>"; };
		F7BAE493274BB24600AFBB6C /* ScrollableViewController.swift */ = {isa = PBXFileReference; lastKnownFileType = sourcecode.swift; path = ScrollableViewController.swift; sourceTree = "<group>"; };
		F7BAE497274BB53500AFBB6C /* RecipeStepView.swift */ = {isa = PBXFileReference; lastKnownFileType = sourcecode.swift; path = RecipeStepView.swift; sourceTree = "<group>"; };
		F7BAE499274BB53E00AFBB6C /* RecipeStepView.xib */ = {isa = PBXFileReference; lastKnownFileType = file.xib; path = RecipeStepView.xib; sourceTree = "<group>"; };
		F7C559512714AF3800AF42AC /* CatalogViewController.xib */ = {isa = PBXFileReference; lastKnownFileType = file.xib; path = CatalogViewController.xib; sourceTree = "<group>"; };
		F7C559552714B14F00AF42AC /* RecipeCell.swift */ = {isa = PBXFileReference; lastKnownFileType = sourcecode.swift; path = RecipeCell.swift; sourceTree = "<group>"; };
		F7C559562714B14F00AF42AC /* RecipeCell.xib */ = {isa = PBXFileReference; lastKnownFileType = file.xib; path = RecipeCell.xib; sourceTree = "<group>"; };
		F7C5595B2714B4A700AF42AC /* User.swift */ = {isa = PBXFileReference; lastKnownFileType = sourcecode.swift; path = User.swift; sourceTree = "<group>"; };
		F7C5595D2714B50300AF42AC /* Recipe.swift */ = {isa = PBXFileReference; lastKnownFileType = sourcecode.swift; path = Recipe.swift; sourceTree = "<group>"; };
		F7C5595F2714B56200AF42AC /* Step.swift */ = {isa = PBXFileReference; lastKnownFileType = sourcecode.swift; path = Step.swift; sourceTree = "<group>"; };
		F7C559612714B59000AF42AC /* LoggingData.swift */ = {isa = PBXFileReference; lastKnownFileType = sourcecode.swift; path = LoggingData.swift; sourceTree = "<group>"; };
		F7C559632714B5FE00AF42AC /* Ingredient.swift */ = {isa = PBXFileReference; lastKnownFileType = sourcecode.swift; path = Ingredient.swift; sourceTree = "<group>"; };
		F7C559652714BA7D00AF42AC /* MockDataService.swift */ = {isa = PBXFileReference; lastKnownFileType = sourcecode.swift; path = MockDataService.swift; sourceTree = "<group>"; };
		F7C68FD0275E57600080ECA0 /* StepSlider.m */ = {isa = PBXFileReference; fileEncoding = 4; lastKnownFileType = sourcecode.c.objc; path = StepSlider.m; sourceTree = "<group>"; };
		F7C68FD1275E57600080ECA0 /* StepSlider.h */ = {isa = PBXFileReference; fileEncoding = 4; lastKnownFileType = sourcecode.c.h; path = StepSlider.h; sourceTree = "<group>"; };
		F7C68FD4275E58B90080ECA0 /* TimerValue.swift */ = {isa = PBXFileReference; lastKnownFileType = sourcecode.swift; path = TimerValue.swift; sourceTree = "<group>"; };
		F7C68FD8275E7DEC0080ECA0 /* CookingViewController.swift */ = {isa = PBXFileReference; lastKnownFileType = sourcecode.swift; path = CookingViewController.swift; sourceTree = "<group>"; };
		F7C68FDA275E7E9B0080ECA0 /* StepViewController.swift */ = {isa = PBXFileReference; lastKnownFileType = sourcecode.swift; path = StepViewController.swift; sourceTree = "<group>"; };
		F7C68FDB275E7E9B0080ECA0 /* StepViewController.xib */ = {isa = PBXFileReference; lastKnownFileType = file.xib; path = StepViewController.xib; sourceTree = "<group>"; };
		F7C68FDF275E9AEC0080ECA0 /* CookingViewController.xib */ = {isa = PBXFileReference; lastKnownFileType = file.xib; path = CookingViewController.xib; sourceTree = "<group>"; };
		F7C68FE1275FB3BF0080ECA0 /* CookingService.swift */ = {isa = PBXFileReference; lastKnownFileType = sourcecode.swift; path = CookingService.swift; sourceTree = "<group>"; };
		F7CBAC2327025965003CDD49 /* ServiceLayer.swift */ = {isa = PBXFileReference; lastKnownFileType = sourcecode.swift; path = ServiceLayer.swift; sourceTree = "<group>"; };
		F7CBAC2527025984003CDD49 /* LoginService.swift */ = {isa = PBXFileReference; lastKnownFileType = sourcecode.swift; path = LoginService.swift; sourceTree = "<group>"; };
		F7CBAC2727025A4D003CDD49 /* LoginViewController.swift */ = {isa = PBXFileReference; lastKnownFileType = sourcecode.swift; path = LoginViewController.swift; sourceTree = "<group>"; };
		F7CBAC2927025A80003CDD49 /* LoginViewController.xib */ = {isa = PBXFileReference; lastKnownFileType = file.xib; path = LoginViewController.xib; sourceTree = "<group>"; };
		F7D47505274AC6F4000705A8 /* RecipeDetailsViewController.swift */ = {isa = PBXFileReference; lastKnownFileType = sourcecode.swift; path = RecipeDetailsViewController.swift; sourceTree = "<group>"; };
		F7D47506274AC6F4000705A8 /* RecipeDetailsViewController.xib */ = {isa = PBXFileReference; lastKnownFileType = file.xib; path = RecipeDetailsViewController.xib; sourceTree = "<group>"; };
		F7D754C2270253D500492CE4 /* CatalogViewController.swift */ = {isa = PBXFileReference; lastKnownFileType = sourcecode.swift; path = CatalogViewController.swift; sourceTree = "<group>"; };
		F7D754C52702555E00492CE4 /* MyRecipesViewController.swift */ = {isa = PBXFileReference; lastKnownFileType = sourcecode.swift; path = MyRecipesViewController.swift; sourceTree = "<group>"; };
		F7E673F2274BEA3500D1EB7A /* ProfileViewController.swift */ = {isa = PBXFileReference; lastKnownFileType = sourcecode.swift; path = ProfileViewController.swift; sourceTree = "<group>"; };
		F7E673F3274BEA3500D1EB7A /* ProfileViewController.xib */ = {isa = PBXFileReference; lastKnownFileType = file.xib; path = ProfileViewController.xib; sourceTree = "<group>"; };
		F7E673F7274BEEAA00D1EB7A /* ProfileAchievementsView.xib */ = {isa = PBXFileReference; lastKnownFileType = file.xib; path = ProfileAchievementsView.xib; sourceTree = "<group>"; };
		F7E673F9274BF03400D1EB7A /* ProfileAchievementsView.swift */ = {isa = PBXFileReference; lastKnownFileType = sourcecode.swift; path = ProfileAchievementsView.swift; sourceTree = "<group>"; };
		F7E7447D274BD4610033CEE3 /* RecipePortionsView.xib */ = {isa = PBXFileReference; lastKnownFileType = file.xib; path = RecipePortionsView.xib; sourceTree = "<group>"; };
		F7E7447F274BD5640033CEE3 /* RecipePortionsView.swift */ = {isa = PBXFileReference; lastKnownFileType = sourcecode.swift; path = RecipePortionsView.swift; sourceTree = "<group>"; };
		F7FA57CB272838320018E2EC /* CategoriesViewController.swift */ = {isa = PBXFileReference; lastKnownFileType = sourcecode.swift; path = CategoriesViewController.swift; sourceTree = "<group>"; };
		F7FA57CC272838320018E2EC /* CategoriesViewController.xib */ = {isa = PBXFileReference; lastKnownFileType = file.xib; path = CategoriesViewController.xib; sourceTree = "<group>"; };
		F7FA57D1272863AB0018E2EC /* RecipesViewController.swift */ = {isa = PBXFileReference; lastKnownFileType = sourcecode.swift; path = RecipesViewController.swift; sourceTree = "<group>"; };
		F7FA57D2272863AB0018E2EC /* RecipesViewController.xib */ = {isa = PBXFileReference; lastKnownFileType = file.xib; path = RecipesViewController.xib; sourceTree = "<group>"; };
		F7FA57D6272864370018E2EC /* FullRecipeCell.swift */ = {isa = PBXFileReference; lastKnownFileType = sourcecode.swift; path = FullRecipeCell.swift; sourceTree = "<group>"; };
		F7FA57D7272864370018E2EC /* FullRecipeCell.xib */ = {isa = PBXFileReference; lastKnownFileType = file.xib; path = FullRecipeCell.xib; sourceTree = "<group>"; };
		F7FB687C274BB71900FEDD8A /* RecipeIngredientsView.swift */ = {isa = PBXFileReference; lastKnownFileType = sourcecode.swift; path = RecipeIngredientsView.swift; sourceTree = "<group>"; };
		F7FB687E274BB72400FEDD8A /* RecipeIngredientsView.xib */ = {isa = PBXFileReference; lastKnownFileType = file.xib; path = RecipeIngredientsView.xib; sourceTree = "<group>"; };
		FA8289D018A965E8F160D307 /* Pods-Mobile Cooking Assistant.debug.xcconfig */ = {isa = PBXFileReference; includeInIndex = 1; lastKnownFileType = text.xcconfig; name = "Pods-Mobile Cooking Assistant.debug.xcconfig"; path = "Target Support Files/Pods-Mobile Cooking Assistant/Pods-Mobile Cooking Assistant.debug.xcconfig"; sourceTree = "<group>"; };
/* End PBXFileReference section */

/* Begin PBXFrameworksBuildPhase section */
		F76AB39227024B0C00F00799 /* Frameworks */ = {
			isa = PBXFrameworksBuildPhase;
			buildActionMask = 2147483647;
			files = (
				706C1C2AAE18A80D6BE54550 /* Pods_Mobile_Cooking_Assistant.framework in Frameworks */,
			);
			runOnlyForDeploymentPostprocessing = 0;
		};
/* End PBXFrameworksBuildPhase section */

/* Begin PBXGroup section */
		679A80E9275946D60067744D /* Register1 */ = {
			isa = PBXGroup;
			children = (
				679A80EA2759470E0067744D /* ViewController */,
			);
			path = Register1;
			sourceTree = "<group>";
		};
		679A80EA2759470E0067744D /* ViewController */ = {
			isa = PBXGroup;
			children = (
				679A80EB2759473E0067744D /* RegisterViewController.swift */,
				679A80EC2759473E0067744D /* RegisterViewController.xib */,
			);
			path = ViewController;
			sourceTree = "<group>";
		};
		8135F24165235388754BB460 /* Frameworks */ = {
			isa = PBXGroup;
			children = (
				B5C2EAE3D0ADB75597FEC649 /* Pods_Mobile_Cooking_Assistant.framework */,
			);
			name = Frameworks;
			sourceTree = "<group>";
		};
		A9CB9FAD39550513DDC25323 /* Pods */ = {
			isa = PBXGroup;
			children = (
				FA8289D018A965E8F160D307 /* Pods-Mobile Cooking Assistant.debug.xcconfig */,
				75B86D476153F77E90B43E1C /* Pods-Mobile Cooking Assistant.release.xcconfig */,
			);
			path = Pods;
			sourceTree = "<group>";
		};
		F70D6E142714C8770003BD15 /* CategoryCell */ = {
			isa = PBXGroup;
			children = (
				F70D6E102714C8710003BD15 /* CategoryCell.swift */,
				F70D6E112714C8710003BD15 /* CategoryCell.xib */,
			);
			path = CategoryCell;
			sourceTree = "<group>";
		};
		F7346048270263E30001D9AB /* Common */ = {
			isa = PBXGroup;
			children = (
				F7BAE490274BB21B00AFBB6C /* ViewControllers */,
				F79308F9274ACF5C00FD454C /* Protocols */,
				F734604E270264D90001D9AB /* Colors */,
				F7346049270263E80001D9AB /* Extensions */,
			);
			path = Common;
			sourceTree = "<group>";
		};
		F7346049270263E80001D9AB /* Extensions */ = {
			isa = PBXGroup;
			children = (
				F734604A270263F80001D9AB /* UITextField+Ext.swift */,
				F734604C270264670001D9AB /* UIView+Ext.swift */,
				F705472E270383850067D495 /* UIColor+Ext.swift */,
			);
			path = Extensions;
			sourceTree = "<group>";
		};
		F734604E270264D90001D9AB /* Colors */ = {
			isa = PBXGroup;
			children = (
				F734604F270264E10001D9AB /* Gradients.swift */,
			);
			path = Colors;
			sourceTree = "<group>";
		};
		F75AA31C2715DF9600BE7A5A /* ViewController */ = {
			isa = PBXGroup;
			children = (
				F75AA31D2715DFB300BE7A5A /* TimerViewController.swift */,
				F75AA31E2715DFB300BE7A5A /* TimerViewController.xib */,
			);
			path = ViewController;
			sourceTree = "<group>";
		};
		F75AA3212715E8AA00BE7A5A /* View */ = {
			isa = PBXGroup;
			children = (
				F75AA3242715E95200BE7A5A /* DurationCell.swift */,
				F75AA3252715E95200BE7A5A /* DurationCell.xib */,
			);
			path = View;
			sourceTree = "<group>";
		};
		F76AB38C27024B0C00F00799 = {
			isa = PBXGroup;
			children = (
				F76AB39727024B0C00F00799 /* Mobile Cooking Assistant */,
				F76AB39627024B0C00F00799 /* Products */,
				A9CB9FAD39550513DDC25323 /* Pods */,
				8135F24165235388754BB460 /* Frameworks */,
			);
			sourceTree = "<group>";
		};
		F76AB39627024B0C00F00799 /* Products */ = {
			isa = PBXGroup;
			children = (
				F76AB39527024B0C00F00799 /* Mobile Cooking Assistant.app */,
			);
			name = Products;
			sourceTree = "<group>";
		};
		F76AB39727024B0C00F00799 /* Mobile Cooking Assistant */ = {
			isa = PBXGroup;
			children = (
				F7C559592714B48F00AF42AC /* Core */,
				F78DED7A27024E0F00EF7A3D /* AppViewController.swift */,
				F76AB39827024B0C00F00799 /* AppDelegate.swift */,
				F76AB39A27024B0C00F00799 /* SceneDelegate.swift */,
				F7D754BA2702536300492CE4 /* Business Logic */,
				F7D754BB2702536B00492CE4 /* Presentation */,
				F78DED7C27024E4A00EF7A3D /* Supporting Files */,
				F76AB39E27024B0C00F00799 /* Main.storyboard */,
				F76AB3A327024B0E00F00799 /* LaunchScreen.storyboard */,
				F7C68FD1275E57600080ECA0 /* StepSlider.h */,
				F7C68FD0275E57600080ECA0 /* StepSlider.m */,
				F735D2AF274D49D300BF816B /* Mobile Cooking Assistant-Bridging-Header.h */,
			);
			path = "Mobile Cooking Assistant";
			sourceTree = "<group>";
		};
		F78DED7C27024E4A00EF7A3D /* Supporting Files */ = {
			isa = PBXGroup;
			children = (
				F76AB3A627024B0E00F00799 /* Info.plist */,
				F76AB3A127024B0E00F00799 /* Assets.xcassets */,
			);
			path = "Supporting Files";
			sourceTree = "<group>";
		};
		F79308F9274ACF5C00FD454C /* Protocols */ = {
			isa = PBXGroup;
			children = (
				F79308F7274ACE3500FD454C /* NibLoadable.swift */,
			);
			path = Protocols;
			sourceTree = "<group>";
		};
		F7BAE490274BB21B00AFBB6C /* ViewControllers */ = {
			isa = PBXGroup;
			children = (
				F7BAE491274BB23400AFBB6C /* InteractiveViewController.swift */,
				F7BAE493274BB24600AFBB6C /* ScrollableViewController.swift */,
			);
			path = ViewControllers;
			sourceTree = "<group>";
		};
		F7BAE495274BB50900AFBB6C /* RecipeDetailsHeaderView */ = {
			isa = PBXGroup;
			children = (
				F79308F3274AC90000FD454C /* RecipeDetailsHeaderView.swift */,
				F79308F5274AC90D00FD454C /* RecipeDetailsHeaderView.xib */,
			);
			path = RecipeDetailsHeaderView;
			sourceTree = "<group>";
		};
		F7BAE496274BB51B00AFBB6C /* RecipeStepView */ = {
			isa = PBXGroup;
			children = (
				F7BAE497274BB53500AFBB6C /* RecipeStepView.swift */,
				F7BAE499274BB53E00AFBB6C /* RecipeStepView.xib */,
			);
			path = RecipeStepView;
			sourceTree = "<group>";
		};
		F7C559542714B13500AF42AC /* RecipeCell */ = {
			isa = PBXGroup;
			children = (
				F7C559552714B14F00AF42AC /* RecipeCell.swift */,
				F7C559562714B14F00AF42AC /* RecipeCell.xib */,
			);
			path = RecipeCell;
			sourceTree = "<group>";
		};
		F7C559592714B48F00AF42AC /* Core */ = {
			isa = PBXGroup;
			children = (
				F7C5595A2714B49900AF42AC /* Models */,
				F7346048270263E30001D9AB /* Common */,
			);
			path = Core;
			sourceTree = "<group>";
		};
		F7C5595A2714B49900AF42AC /* Models */ = {
			isa = PBXGroup;
			children = (
				F7C5595B2714B4A700AF42AC /* User.swift */,
				F7C5595D2714B50300AF42AC /* Recipe.swift */,
				F7C5595F2714B56200AF42AC /* Step.swift */,
				F7C559612714B59000AF42AC /* LoggingData.swift */,
				F7C559632714B5FE00AF42AC /* Ingredient.swift */,
				F70D6E152714E1CC0003BD15 /* Category.swift */,
			);
			path = Models;
			sourceTree = "<group>";
		};
		F7C68FD3275E58AE0080ECA0 /* Model */ = {
			isa = PBXGroup;
			children = (
				F7C68FD4275E58B90080ECA0 /* TimerValue.swift */,
			);
			path = Model;
			sourceTree = "<group>";
		};
		F7C68FD6275E7D710080ECA0 /* Cooking */ = {
			isa = PBXGroup;
			children = (
				F7C68FD7275E7D790080ECA0 /* ViewController */,
			);
			path = Cooking;
			sourceTree = "<group>";
		};
		F7C68FD7275E7D790080ECA0 /* ViewController */ = {
			isa = PBXGroup;
			children = (
				F7C68FDE275E7EA00080ECA0 /* StepViewController */,
				F7C68FD8275E7DEC0080ECA0 /* CookingViewController.swift */,
				F7C68FDF275E9AEC0080ECA0 /* CookingViewController.xib */,
			);
			path = ViewController;
			sourceTree = "<group>";
		};
		F7C68FDE275E7EA00080ECA0 /* StepViewController */ = {
			isa = PBXGroup;
			children = (
				F7C68FDA275E7E9B0080ECA0 /* StepViewController.swift */,
				F7C68FDB275E7E9B0080ECA0 /* StepViewController.xib */,
			);
			path = StepViewController;
			sourceTree = "<group>";
		};
		F7CBAC1D2702592A003CDD49 /* Login */ = {
			isa = PBXGroup;
			children = (
				F7CBAC2027025944003CDD49 /* Model */,
				F7CBAC1F27025940003CDD49 /* View */,
				F7CBAC1E27025938003CDD49 /* ViewController */,
			);
			path = Login;
			sourceTree = "<group>";
		};
		F7CBAC1E27025938003CDD49 /* ViewController */ = {
			isa = PBXGroup;
			children = (
				F7CBAC2927025A80003CDD49 /* LoginViewController.xib */,
				F7CBAC2727025A4D003CDD49 /* LoginViewController.swift */,
			);
			path = ViewController;
			sourceTree = "<group>";
		};
		F7CBAC1F27025940003CDD49 /* View */ = {
			isa = PBXGroup;
			children = (
			);
			path = View;
			sourceTree = "<group>";
		};
		F7CBAC2027025944003CDD49 /* Model */ = {
			isa = PBXGroup;
			children = (
			);
			path = Model;
			sourceTree = "<group>";
		};
		F7CBAC212702594E003CDD49 /* ServiceLayer */ = {
			isa = PBXGroup;
			children = (
				F7CBAC2327025965003CDD49 /* ServiceLayer.swift */,
				F7CBAC2527025984003CDD49 /* LoginService.swift */,
				F7C559652714BA7D00AF42AC /* MockDataService.swift */,
				F7C68FE1275FB3BF0080ECA0 /* CookingService.swift */,
			);
			path = ServiceLayer;
			sourceTree = "<group>";
		};
		F7D47502274AC6B0000705A8 /* RecipeDetails */ = {
			isa = PBXGroup;
			children = (
				F7D47504274AC6D2000705A8 /* View */,
				F7D47503274AC6C9000705A8 /* ViewController */,
			);
			path = RecipeDetails;
			sourceTree = "<group>";
		};
		F7D47503274AC6C9000705A8 /* ViewController */ = {
			isa = PBXGroup;
			children = (
				F7D47505274AC6F4000705A8 /* RecipeDetailsViewController.swift */,
				F7D47506274AC6F4000705A8 /* RecipeDetailsViewController.xib */,
			);
			path = ViewController;
			sourceTree = "<group>";
		};
		F7D47504274AC6D2000705A8 /* View */ = {
			isa = PBXGroup;
			children = (
				F7BAE495274BB50900AFBB6C /* RecipeDetailsHeaderView */,
				F7E7447C274BD4520033CEE3 /* RecipePortionsView */,
				F7FB687B274BB70700FEDD8A /* RecipeIngredientsView */,
				F7BAE496274BB51B00AFBB6C /* RecipeStepView */,
			);
			path = View;
			sourceTree = "<group>";
		};
		F7D754BA2702536300492CE4 /* Business Logic */ = {
			isa = PBXGroup;
			children = (
				F7CBAC212702594E003CDD49 /* ServiceLayer */,
			);
			path = "Business Logic";
			sourceTree = "<group>";
		};
		F7D754BB2702536B00492CE4 /* Presentation */ = {
			isa = PBXGroup;
			children = (
				679A80E9275946D60067744D /* Register1 */,
				F7C68FD6275E7D710080ECA0 /* Cooking */,
				F7D47502274AC6B0000705A8 /* RecipeDetails */,
				F7FA57CF2728637F0018E2EC /* Recipes */,
				F7FA57C9272837F30018E2EC /* Categories */,
				F7CBAC1D2702592A003CDD49 /* Login */,
				F7D754BC2702538B00492CE4 /* Catalog */,
				F7D754BD2702539100492CE4 /* MyRecipes */,
				F7D754BF270253AA00492CE4 /* Profile */,
				F7D754BE270253A200492CE4 /* Timer */,
			);
			path = Presentation;
			sourceTree = "<group>";
		};
		F7D754BC2702538B00492CE4 /* Catalog */ = {
			isa = PBXGroup;
			children = (
				F7D754C0270253BA00492CE4 /* ViewController */,
				F7D754C1270253C100492CE4 /* View */,
			);
			path = Catalog;
			sourceTree = "<group>";
		};
		F7D754BD2702539100492CE4 /* MyRecipes */ = {
			isa = PBXGroup;
			children = (
				F7D754C42702555100492CE4 /* ViewController */,
			);
			path = MyRecipes;
			sourceTree = "<group>";
		};
		F7D754BE270253A200492CE4 /* Timer */ = {
			isa = PBXGroup;
			children = (
				F7C68FD3275E58AE0080ECA0 /* Model */,
				F75AA3212715E8AA00BE7A5A /* View */,
				F75AA31C2715DF9600BE7A5A /* ViewController */,
			);
			path = Timer;
			sourceTree = "<group>";
		};
		F7D754BF270253AA00492CE4 /* Profile */ = {
			isa = PBXGroup;
			children = (
				F7E673F6274BEE9800D1EB7A /* View */,
				F7E673F1274BEA1900D1EB7A /* ViewController */,
			);
			path = Profile;
			sourceTree = "<group>";
		};
		F7D754C0270253BA00492CE4 /* ViewController */ = {
			isa = PBXGroup;
			children = (
				F7C559512714AF3800AF42AC /* CatalogViewController.xib */,
				F7D754C2270253D500492CE4 /* CatalogViewController.swift */,
			);
			path = ViewController;
			sourceTree = "<group>";
		};
		F7D754C1270253C100492CE4 /* View */ = {
			isa = PBXGroup;
			children = (
				F70D6E142714C8770003BD15 /* CategoryCell */,
				F7C559542714B13500AF42AC /* RecipeCell */,
			);
			path = View;
			sourceTree = "<group>";
		};
		F7D754C42702555100492CE4 /* ViewController */ = {
			isa = PBXGroup;
			children = (
				F780B773276D37A500E7F3A9 /* MyRecipesViewController.xib */,
				F7D754C52702555E00492CE4 /* MyRecipesViewController.swift */,
			);
			path = ViewController;
			sourceTree = "<group>";
		};
		F7E673F1274BEA1900D1EB7A /* ViewController */ = {
			isa = PBXGroup;
			children = (
				F7E673F2274BEA3500D1EB7A /* ProfileViewController.swift */,
				F7E673F3274BEA3500D1EB7A /* ProfileViewController.xib */,
			);
			path = ViewController;
			sourceTree = "<group>";
		};
		F7E673F6274BEE9800D1EB7A /* View */ = {
			isa = PBXGroup;
			children = (
				F7E673F9274BF03400D1EB7A /* ProfileAchievementsView.swift */,
				F7E673F7274BEEAA00D1EB7A /* ProfileAchievementsView.xib */,
			);
			path = View;
			sourceTree = "<group>";
		};
		F7E7447C274BD4520033CEE3 /* RecipePortionsView */ = {
			isa = PBXGroup;
			children = (
				F7E7447F274BD5640033CEE3 /* RecipePortionsView.swift */,
				F7E7447D274BD4610033CEE3 /* RecipePortionsView.xib */,
			);
			path = RecipePortionsView;
			sourceTree = "<group>";
		};
		F7FA57C9272837F30018E2EC /* Categories */ = {
			isa = PBXGroup;
			children = (
				F7FA57CA272838040018E2EC /* ViewController */,
			);
			path = Categories;
			sourceTree = "<group>";
		};
		F7FA57CA272838040018E2EC /* ViewController */ = {
			isa = PBXGroup;
			children = (
				F7FA57CB272838320018E2EC /* CategoriesViewController.swift */,
				F7FA57CC272838320018E2EC /* CategoriesViewController.xib */,
			);
			path = ViewController;
			sourceTree = "<group>";
		};
		F7FA57CF2728637F0018E2EC /* Recipes */ = {
			isa = PBXGroup;
			children = (
				F7FA57D5272864200018E2EC /* View */,
				F7FA57D0272863840018E2EC /* ViewController */,
			);
			path = Recipes;
			sourceTree = "<group>";
		};
		F7FA57D0272863840018E2EC /* ViewController */ = {
			isa = PBXGroup;
			children = (
				F7FA57D1272863AB0018E2EC /* RecipesViewController.swift */,
				F7FA57D2272863AB0018E2EC /* RecipesViewController.xib */,
			);
			path = ViewController;
			sourceTree = "<group>";
		};
		F7FA57D5272864200018E2EC /* View */ = {
			isa = PBXGroup;
			children = (
				F7FA57D6272864370018E2EC /* FullRecipeCell.swift */,
				F7FA57D7272864370018E2EC /* FullRecipeCell.xib */,
			);
			path = View;
			sourceTree = "<group>";
		};
		F7FB687B274BB70700FEDD8A /* RecipeIngredientsView */ = {
			isa = PBXGroup;
			children = (
				F7FB687C274BB71900FEDD8A /* RecipeIngredientsView.swift */,
				F7FB687E274BB72400FEDD8A /* RecipeIngredientsView.xib */,
			);
			path = RecipeIngredientsView;
			sourceTree = "<group>";
		};
/* End PBXGroup section */

/* Begin PBXNativeTarget section */
		F76AB39427024B0C00F00799 /* Mobile Cooking Assistant */ = {
			isa = PBXNativeTarget;
			buildConfigurationList = F76AB3A927024B0E00F00799 /* Build configuration list for PBXNativeTarget "Mobile Cooking Assistant" */;
			buildPhases = (
				DF95D7E7CA8EE46C8699EA4C /* [CP] Check Pods Manifest.lock */,
				F76AB39127024B0C00F00799 /* Sources */,
				F76AB39227024B0C00F00799 /* Frameworks */,
				F76AB39327024B0C00F00799 /* Resources */,
				9D9EE690EFF93206F48775AC /* [CP] Embed Pods Frameworks */,
			);
			buildRules = (
			);
			dependencies = (
			);
			name = "Mobile Cooking Assistant";
			productName = "Mobile Cooking Assistant";
			productReference = F76AB39527024B0C00F00799 /* Mobile Cooking Assistant.app */;
			productType = "com.apple.product-type.application";
		};
/* End PBXNativeTarget section */

/* Begin PBXProject section */
		F76AB38D27024B0C00F00799 /* Project object */ = {
			isa = PBXProject;
			attributes = {
				BuildIndependentTargetsInParallel = 1;
				LastSwiftUpdateCheck = 1300;
				LastUpgradeCheck = 1300;
				TargetAttributes = {
					F76AB39427024B0C00F00799 = {
						CreatedOnToolsVersion = 13.0;
						LastSwiftMigration = 1310;
					};
				};
			};
			buildConfigurationList = F76AB39027024B0C00F00799 /* Build configuration list for PBXProject "Mobile Cooking Assistant" */;
			compatibilityVersion = "Xcode 13.0";
			developmentRegion = en;
			hasScannedForEncodings = 0;
			knownRegions = (
				en,
				Base,
			);
			mainGroup = F76AB38C27024B0C00F00799;
			productRefGroup = F76AB39627024B0C00F00799 /* Products */;
			projectDirPath = "";
			projectRoot = "";
			targets = (
				F76AB39427024B0C00F00799 /* Mobile Cooking Assistant */,
			);
		};
/* End PBXProject section */

/* Begin PBXResourcesBuildPhase section */
		F76AB39327024B0C00F00799 /* Resources */ = {
			isa = PBXResourcesBuildPhase;
			buildActionMask = 2147483647;
			files = (
				F7E673F5274BEA3500D1EB7A /* ProfileViewController.xib in Resources */,
				F75AA3202715DFB300BE7A5A /* TimerViewController.xib in Resources */,
				F7C68FE0275E9AEC0080ECA0 /* CookingViewController.xib in Resources */,
				F7C559522714AF3800AF42AC /* CatalogViewController.xib in Resources */,
				F7D47508274AC6F4000705A8 /* RecipeDetailsViewController.xib in Resources */,
				F7E7447E274BD4610033CEE3 /* RecipePortionsView.xib in Resources */,
				F7FA57CE272838320018E2EC /* CategoriesViewController.xib in Resources */,
				F7C68FDD275E7E9C0080ECA0 /* StepViewController.xib in Resources */,
				F70D6E132714C8720003BD15 /* CategoryCell.xib in Resources */,
				F7C559582714B14F00AF42AC /* RecipeCell.xib in Resources */,
				F780B774276D37A500E7F3A9 /* MyRecipesViewController.xib in Resources */,
				F7BAE49A274BB53E00AFBB6C /* RecipeStepView.xib in Resources */,
				F7E673F8274BEEAA00D1EB7A /* ProfileAchievementsView.xib in Resources */,
				F7CBAC2A27025A80003CDD49 /* LoginViewController.xib in Resources */,
				F7FA57D9272864370018E2EC /* FullRecipeCell.xib in Resources */,
				F7FB687F274BB72400FEDD8A /* RecipeIngredientsView.xib in Resources */,
				F79308F6274AC90D00FD454C /* RecipeDetailsHeaderView.xib in Resources */,
				F76AB3A527024B0E00F00799 /* LaunchScreen.storyboard in Resources */,
				F76AB3A227024B0E00F00799 /* Assets.xcassets in Resources */,
				F76AB3A027024B0C00F00799 /* Main.storyboard in Resources */,
				F7FA57D4272863AB0018E2EC /* RecipesViewController.xib in Resources */,
				679A80EE2759473E0067744D /* RegisterViewController.xib in Resources */,
				F75AA3272715E95200BE7A5A /* DurationCell.xib in Resources */,
			);
			runOnlyForDeploymentPostprocessing = 0;
		};
/* End PBXResourcesBuildPhase section */

/* Begin PBXShellScriptBuildPhase section */
		9D9EE690EFF93206F48775AC /* [CP] Embed Pods Frameworks */ = {
			isa = PBXShellScriptBuildPhase;
			buildActionMask = 2147483647;
			files = (
			);
			inputFileListPaths = (
				"${PODS_ROOT}/Target Support Files/Pods-Mobile Cooking Assistant/Pods-Mobile Cooking Assistant-frameworks-${CONFIGURATION}-input-files.xcfilelist",
			);
			name = "[CP] Embed Pods Frameworks";
			outputFileListPaths = (
				"${PODS_ROOT}/Target Support Files/Pods-Mobile Cooking Assistant/Pods-Mobile Cooking Assistant-frameworks-${CONFIGURATION}-output-files.xcfilelist",
			);
			runOnlyForDeploymentPostprocessing = 0;
			shellPath = /bin/sh;
			shellScript = "\"${PODS_ROOT}/Target Support Files/Pods-Mobile Cooking Assistant/Pods-Mobile Cooking Assistant-frameworks.sh\"\n";
			showEnvVarsInLog = 0;
		};
		DF95D7E7CA8EE46C8699EA4C /* [CP] Check Pods Manifest.lock */ = {
			isa = PBXShellScriptBuildPhase;
			buildActionMask = 2147483647;
			files = (
			);
			inputFileListPaths = (
			);
			inputPaths = (
				"${PODS_PODFILE_DIR_PATH}/Podfile.lock",
				"${PODS_ROOT}/Manifest.lock",
			);
			name = "[CP] Check Pods Manifest.lock";
			outputFileListPaths = (
			);
			outputPaths = (
				"$(DERIVED_FILE_DIR)/Pods-Mobile Cooking Assistant-checkManifestLockResult.txt",
			);
			runOnlyForDeploymentPostprocessing = 0;
			shellPath = /bin/sh;
			shellScript = "diff \"${PODS_PODFILE_DIR_PATH}/Podfile.lock\" \"${PODS_ROOT}/Manifest.lock\" > /dev/null\nif [ $? != 0 ] ; then\n    # print error to STDERR\n    echo \"error: The sandbox is not in sync with the Podfile.lock. Run 'pod install' or update your CocoaPods installation.\" >&2\n    exit 1\nfi\n# This output is used by Xcode 'outputs' to avoid re-running this script phase.\necho \"SUCCESS\" > \"${SCRIPT_OUTPUT_FILE_0}\"\n";
			showEnvVarsInLog = 0;
		};
/* End PBXShellScriptBuildPhase section */

/* Begin PBXSourcesBuildPhase section */
		F76AB39127024B0C00F00799 /* Sources */ = {
			isa = PBXSourcesBuildPhase;
			buildActionMask = 2147483647;
			files = (
				F7346050270264E10001D9AB /* Gradients.swift in Sources */,
				F7D47507274AC6F4000705A8 /* RecipeDetailsViewController.swift in Sources */,
				F7C559602714B56200AF42AC /* Step.swift in Sources */,
				F7C559642714B5FE00AF42AC /* Ingredient.swift in Sources */,
				F7FB687D274BB71900FEDD8A /* RecipeIngredientsView.swift in Sources */,
				F7D754C3270253D500492CE4 /* CatalogViewController.swift in Sources */,
				F7E673F4274BEA3500D1EB7A /* ProfileViewController.swift in Sources */,
				F734604B270263F80001D9AB /* UITextField+Ext.swift in Sources */,
				F734604D270264670001D9AB /* UIView+Ext.swift in Sources */,
				F7E74480274BD5640033CEE3 /* RecipePortionsView.swift in Sources */,
				F7C68FD2275E57600080ECA0 /* StepSlider.m in Sources */,
				F7FA57D8272864370018E2EC /* FullRecipeCell.swift in Sources */,
				F7C68FE2275FB3BF0080ECA0 /* CookingService.swift in Sources */,
				F7C559622714B59000AF42AC /* LoggingData.swift in Sources */,
				F7CBAC2427025965003CDD49 /* ServiceLayer.swift in Sources */,
				F7FA57D3272863AB0018E2EC /* RecipesViewController.swift in Sources */,
				F7C68FD5275E58B90080ECA0 /* TimerValue.swift in Sources */,
				F76AB39927024B0C00F00799 /* AppDelegate.swift in Sources */,
				F7C5595C2714B4A700AF42AC /* User.swift in Sources */,
				F7D754C62702555E00492CE4 /* MyRecipesViewController.swift in Sources */,
				F7CBAC2827025A4D003CDD49 /* LoginViewController.swift in Sources */,
				F7BAE492274BB23400AFBB6C /* InteractiveViewController.swift in Sources */,
				F7C5595E2714B50300AF42AC /* Recipe.swift in Sources */,
				F7C68FDC275E7E9B0080ECA0 /* StepViewController.swift in Sources */,
				F7C68FD9275E7DEC0080ECA0 /* CookingViewController.swift in Sources */,
				F7C559662714BA7D00AF42AC /* MockDataService.swift in Sources */,
				F7FA57CD272838320018E2EC /* CategoriesViewController.swift in Sources */,
				F7E673FA274BF03400D1EB7A /* ProfileAchievementsView.swift in Sources */,
				F79308F4274AC90000FD454C /* RecipeDetailsHeaderView.swift in Sources */,
				F78DED7B27024E0F00EF7A3D /* AppViewController.swift in Sources */,
				F7BAE494274BB24600AFBB6C /* ScrollableViewController.swift in Sources */,
				F705472F270383850067D495 /* UIColor+Ext.swift in Sources */,
				679A80ED2759473E0067744D /* RegisterViewController.swift in Sources */,
				F70D6E122714C8720003BD15 /* CategoryCell.swift in Sources */,
				F76AB39B27024B0C00F00799 /* SceneDelegate.swift in Sources */,
				F7C559572714B14F00AF42AC /* RecipeCell.swift in Sources */,
				F79308F8274ACE3500FD454C /* NibLoadable.swift in Sources */,
				F75AA3262715E95200BE7A5A /* DurationCell.swift in Sources */,
				F7CBAC2627025984003CDD49 /* LoginService.swift in Sources */,
				F75AA31F2715DFB300BE7A5A /* TimerViewController.swift in Sources */,
				F7BAE498274BB53500AFBB6C /* RecipeStepView.swift in Sources */,
				F70D6E162714E1CC0003BD15 /* Category.swift in Sources */,
			);
			runOnlyForDeploymentPostprocessing = 0;
		};
/* End PBXSourcesBuildPhase section */

/* Begin PBXVariantGroup section */
		F76AB39E27024B0C00F00799 /* Main.storyboard */ = {
			isa = PBXVariantGroup;
			children = (
				F76AB39F27024B0C00F00799 /* Base */,
			);
			name = Main.storyboard;
			sourceTree = "<group>";
		};
		F76AB3A327024B0E00F00799 /* LaunchScreen.storyboard */ = {
			isa = PBXVariantGroup;
			children = (
				F76AB3A427024B0E00F00799 /* Base */,
			);
			name = LaunchScreen.storyboard;
			sourceTree = "<group>";
		};
/* End PBXVariantGroup section */

/* Begin XCBuildConfiguration section */
		F76AB3A727024B0E00F00799 /* Debug */ = {
			isa = XCBuildConfiguration;
			buildSettings = {
				ALWAYS_SEARCH_USER_PATHS = NO;
				CLANG_ANALYZER_NONNULL = YES;
				CLANG_ANALYZER_NUMBER_OBJECT_CONVERSION = YES_AGGRESSIVE;
				CLANG_CXX_LANGUAGE_STANDARD = "gnu++17";
				CLANG_CXX_LIBRARY = "libc++";
				CLANG_ENABLE_MODULES = YES;
				CLANG_ENABLE_OBJC_ARC = YES;
				CLANG_ENABLE_OBJC_WEAK = YES;
				CLANG_WARN_BLOCK_CAPTURE_AUTORELEASING = YES;
				CLANG_WARN_BOOL_CONVERSION = YES;
				CLANG_WARN_COMMA = YES;
				CLANG_WARN_CONSTANT_CONVERSION = YES;
				CLANG_WARN_DEPRECATED_OBJC_IMPLEMENTATIONS = YES;
				CLANG_WARN_DIRECT_OBJC_ISA_USAGE = YES_ERROR;
				CLANG_WARN_DOCUMENTATION_COMMENTS = YES;
				CLANG_WARN_EMPTY_BODY = YES;
				CLANG_WARN_ENUM_CONVERSION = YES;
				CLANG_WARN_INFINITE_RECURSION = YES;
				CLANG_WARN_INT_CONVERSION = YES;
				CLANG_WARN_NON_LITERAL_NULL_CONVERSION = YES;
				CLANG_WARN_OBJC_IMPLICIT_RETAIN_SELF = YES;
				CLANG_WARN_OBJC_LITERAL_CONVERSION = YES;
				CLANG_WARN_OBJC_ROOT_CLASS = YES_ERROR;
				CLANG_WARN_QUOTED_INCLUDE_IN_FRAMEWORK_HEADER = YES;
				CLANG_WARN_RANGE_LOOP_ANALYSIS = YES;
				CLANG_WARN_STRICT_PROTOTYPES = YES;
				CLANG_WARN_SUSPICIOUS_MOVE = YES;
				CLANG_WARN_UNGUARDED_AVAILABILITY = YES_AGGRESSIVE;
				CLANG_WARN_UNREACHABLE_CODE = YES;
				CLANG_WARN__DUPLICATE_METHOD_MATCH = YES;
				COPY_PHASE_STRIP = NO;
				DEBUG_INFORMATION_FORMAT = dwarf;
				ENABLE_STRICT_OBJC_MSGSEND = YES;
				ENABLE_TESTABILITY = YES;
				GCC_C_LANGUAGE_STANDARD = gnu11;
				GCC_DYNAMIC_NO_PIC = NO;
				GCC_NO_COMMON_BLOCKS = YES;
				GCC_OPTIMIZATION_LEVEL = 0;
				GCC_PREPROCESSOR_DEFINITIONS = (
					"DEBUG=1",
					"$(inherited)",
				);
				GCC_WARN_64_TO_32_BIT_CONVERSION = YES;
				GCC_WARN_ABOUT_RETURN_TYPE = YES_ERROR;
				GCC_WARN_UNDECLARED_SELECTOR = YES;
				GCC_WARN_UNINITIALIZED_AUTOS = YES_AGGRESSIVE;
				GCC_WARN_UNUSED_FUNCTION = YES;
				GCC_WARN_UNUSED_VARIABLE = YES;
				IPHONEOS_DEPLOYMENT_TARGET = 15.0;
				MTL_ENABLE_DEBUG_INFO = INCLUDE_SOURCE;
				MTL_FAST_MATH = YES;
				ONLY_ACTIVE_ARCH = YES;
				SDKROOT = iphoneos;
				SWIFT_ACTIVE_COMPILATION_CONDITIONS = DEBUG;
				SWIFT_OPTIMIZATION_LEVEL = "-Onone";
			};
			name = Debug;
		};
		F76AB3A827024B0E00F00799 /* Release */ = {
			isa = XCBuildConfiguration;
			buildSettings = {
				ALWAYS_SEARCH_USER_PATHS = NO;
				CLANG_ANALYZER_NONNULL = YES;
				CLANG_ANALYZER_NUMBER_OBJECT_CONVERSION = YES_AGGRESSIVE;
				CLANG_CXX_LANGUAGE_STANDARD = "gnu++17";
				CLANG_CXX_LIBRARY = "libc++";
				CLANG_ENABLE_MODULES = YES;
				CLANG_ENABLE_OBJC_ARC = YES;
				CLANG_ENABLE_OBJC_WEAK = YES;
				CLANG_WARN_BLOCK_CAPTURE_AUTORELEASING = YES;
				CLANG_WARN_BOOL_CONVERSION = YES;
				CLANG_WARN_COMMA = YES;
				CLANG_WARN_CONSTANT_CONVERSION = YES;
				CLANG_WARN_DEPRECATED_OBJC_IMPLEMENTATIONS = YES;
				CLANG_WARN_DIRECT_OBJC_ISA_USAGE = YES_ERROR;
				CLANG_WARN_DOCUMENTATION_COMMENTS = YES;
				CLANG_WARN_EMPTY_BODY = YES;
				CLANG_WARN_ENUM_CONVERSION = YES;
				CLANG_WARN_INFINITE_RECURSION = YES;
				CLANG_WARN_INT_CONVERSION = YES;
				CLANG_WARN_NON_LITERAL_NULL_CONVERSION = YES;
				CLANG_WARN_OBJC_IMPLICIT_RETAIN_SELF = YES;
				CLANG_WARN_OBJC_LITERAL_CONVERSION = YES;
				CLANG_WARN_OBJC_ROOT_CLASS = YES_ERROR;
				CLANG_WARN_QUOTED_INCLUDE_IN_FRAMEWORK_HEADER = YES;
				CLANG_WARN_RANGE_LOOP_ANALYSIS = YES;
				CLANG_WARN_STRICT_PROTOTYPES = YES;
				CLANG_WARN_SUSPICIOUS_MOVE = YES;
				CLANG_WARN_UNGUARDED_AVAILABILITY = YES_AGGRESSIVE;
				CLANG_WARN_UNREACHABLE_CODE = YES;
				CLANG_WARN__DUPLICATE_METHOD_MATCH = YES;
				COPY_PHASE_STRIP = NO;
				DEBUG_INFORMATION_FORMAT = "dwarf-with-dsym";
				ENABLE_NS_ASSERTIONS = NO;
				ENABLE_STRICT_OBJC_MSGSEND = YES;
				GCC_C_LANGUAGE_STANDARD = gnu11;
				GCC_NO_COMMON_BLOCKS = YES;
				GCC_WARN_64_TO_32_BIT_CONVERSION = YES;
				GCC_WARN_ABOUT_RETURN_TYPE = YES_ERROR;
				GCC_WARN_UNDECLARED_SELECTOR = YES;
				GCC_WARN_UNINITIALIZED_AUTOS = YES_AGGRESSIVE;
				GCC_WARN_UNUSED_FUNCTION = YES;
				GCC_WARN_UNUSED_VARIABLE = YES;
				IPHONEOS_DEPLOYMENT_TARGET = 15.0;
				MTL_ENABLE_DEBUG_INFO = NO;
				MTL_FAST_MATH = YES;
				SDKROOT = iphoneos;
				SWIFT_COMPILATION_MODE = wholemodule;
				SWIFT_OPTIMIZATION_LEVEL = "-O";
				VALIDATE_PRODUCT = YES;
			};
			name = Release;
		};
		F76AB3AA27024B0E00F00799 /* Debug */ = {
			isa = XCBuildConfiguration;
			baseConfigurationReference = FA8289D018A965E8F160D307 /* Pods-Mobile Cooking Assistant.debug.xcconfig */;
			buildSettings = {
				ASSETCATALOG_COMPILER_APPICON_NAME = AppIcon;
				ASSETCATALOG_COMPILER_GLOBAL_ACCENT_COLOR_NAME = AccentColor;
				CLANG_ENABLE_MODULES = YES;
				CODE_SIGN_STYLE = Automatic;
				CURRENT_PROJECT_VERSION = 1;
				DEVELOPMENT_TEAM = S87GRA33NJ;
				GENERATE_INFOPLIST_FILE = YES;
				INFOPLIST_FILE = "Mobile Cooking Assistant/Supporting Files/Info.plist";
				INFOPLIST_KEY_UIApplicationSupportsIndirectInputEvents = YES;
				INFOPLIST_KEY_UILaunchStoryboardName = LaunchScreen;
				INFOPLIST_KEY_UIMainStoryboardFile = Main;
				INFOPLIST_KEY_UISupportedInterfaceOrientations_iPad = "UIInterfaceOrientationPortrait UIInterfaceOrientationPortraitUpsideDown UIInterfaceOrientationLandscapeLeft UIInterfaceOrientationLandscapeRight";
				INFOPLIST_KEY_UISupportedInterfaceOrientations_iPhone = "UIInterfaceOrientationPortrait UIInterfaceOrientationLandscapeLeft UIInterfaceOrientationLandscapeRight";
				LD_RUNPATH_SEARCH_PATHS = (
					"$(inherited)",
					"@executable_path/Frameworks",
				);
				MARKETING_VERSION = 1.0;
				PRODUCT_BUNDLE_IDENTIFIER = "ParshakovAlexander.Mobile-Cooking-Assistant";
				PRODUCT_NAME = "$(TARGET_NAME)";
				SWIFT_EMIT_LOC_STRINGS = YES;
				SWIFT_OBJC_BRIDGING_HEADER = "Mobile Cooking Assistant/Mobile Cooking Assistant-Bridging-Header.h";
				SWIFT_OPTIMIZATION_LEVEL = "-Onone";
				SWIFT_VERSION = 5.0;
				TARGETED_DEVICE_FAMILY = "1,2";
			};
			name = Debug;
		};
		F76AB3AB27024B0E00F00799 /* Release */ = {
			isa = XCBuildConfiguration;
			baseConfigurationReference = 75B86D476153F77E90B43E1C /* Pods-Mobile Cooking Assistant.release.xcconfig */;
			buildSettings = {
				ASSETCATALOG_COMPILER_APPICON_NAME = AppIcon;
				ASSETCATALOG_COMPILER_GLOBAL_ACCENT_COLOR_NAME = AccentColor;
				CLANG_ENABLE_MODULES = YES;
				CODE_SIGN_STYLE = Automatic;
				CURRENT_PROJECT_VERSION = 1;
				DEVELOPMENT_TEAM = S87GRA33NJ;
				GENERATE_INFOPLIST_FILE = YES;
				INFOPLIST_FILE = "Mobile Cooking Assistant/Supporting Files/Info.plist";
				INFOPLIST_KEY_UIApplicationSupportsIndirectInputEvents = YES;
				INFOPLIST_KEY_UILaunchStoryboardName = LaunchScreen;
				INFOPLIST_KEY_UIMainStoryboardFile = Main;
				INFOPLIST_KEY_UISupportedInterfaceOrientations_iPad = "UIInterfaceOrientationPortrait UIInterfaceOrientationPortraitUpsideDown UIInterfaceOrientationLandscapeLeft UIInterfaceOrientationLandscapeRight";
				INFOPLIST_KEY_UISupportedInterfaceOrientations_iPhone = "UIInterfaceOrientationPortrait UIInterfaceOrientationLandscapeLeft UIInterfaceOrientationLandscapeRight";
				LD_RUNPATH_SEARCH_PATHS = (
					"$(inherited)",
					"@executable_path/Frameworks",
				);
				MARKETING_VERSION = 1.0;
				PRODUCT_BUNDLE_IDENTIFIER = "ParshakovAlexander.Mobile-Cooking-Assistant";
				PRODUCT_NAME = "$(TARGET_NAME)";
				SWIFT_EMIT_LOC_STRINGS = YES;
				SWIFT_OBJC_BRIDGING_HEADER = "Mobile Cooking Assistant/Mobile Cooking Assistant-Bridging-Header.h";
				SWIFT_VERSION = 5.0;
				TARGETED_DEVICE_FAMILY = "1,2";
			};
			name = Release;
		};
/* End XCBuildConfiguration section */

/* Begin XCConfigurationList section */
		F76AB39027024B0C00F00799 /* Build configuration list for PBXProject "Mobile Cooking Assistant" */ = {
			isa = XCConfigurationList;
			buildConfigurations = (
				F76AB3A727024B0E00F00799 /* Debug */,
				F76AB3A827024B0E00F00799 /* Release */,
			);
			defaultConfigurationIsVisible = 0;
			defaultConfigurationName = Release;
		};
		F76AB3A927024B0E00F00799 /* Build configuration list for PBXNativeTarget "Mobile Cooking Assistant" */ = {
			isa = XCConfigurationList;
			buildConfigurations = (
				F76AB3AA27024B0E00F00799 /* Debug */,
				F76AB3AB27024B0E00F00799 /* Release */,
			);
			defaultConfigurationIsVisible = 0;
			defaultConfigurationName = Release;
		};
/* End XCConfigurationList section */
	};
	rootObject = F76AB38D27024B0C00F00799 /* Project object */;
}
